
Microsoft Visual Studio Solution File, Format Version 12.00
# Visual Studio 2012
Project("{FAE04EC0-301F-11D3-BF4B-00C04F79EFBC}") = "Dir2XML", "Dir2XML\Dir2XML.csproj", "{BFB33DA9-B857-4FD0-B8E5-B653D295AC9B}"
EndProject
Global
	GlobalSection(SolutionConfigurationPlatforms) = preSolution
		Debug|Any CPU = Debug|Any CPU
		Release|Any CPU = Release|Any CPU
	EndGlobalSection
	GlobalSection(ProjectConfigurationPlatforms) = postSolution
		{BFB33DA9-B857-4FD0-B8E5-B653D295AC9B}.Debug|Any CPU.ActiveCfg = Debug|Any CPU
		{BFB33DA9-B857-4FD0-B8E5-B653D295AC9B}.Debug|Any CPU.Build.0 = Debug|Any CPU
		{BFB33DA9-B857-4FD0-B8E5-B653D295AC9B}.Release|Any CPU.ActiveCfg = Release|Any CPU
		{BFB33DA9-B857-4FD0-B8E5-B653D295AC9B}.Release|Any CPU.Build.0 = Release|Any CPU
	EndGlobalSection
	GlobalSection(SolutionProperties) = preSolution
		HideSolutionNode = FALSE
	EndGlobalSection
EndGlobal
